PODS:
  - AFNetworking/NSURLSession (3.2.1):
    - AFNetworking/Reachability
    - AFNetworking/Security
    - AFNetworking/Serialization
  - AFNetworking/Reachability (3.2.1)
  - AFNetworking/Security (3.2.1)
  - AFNetworking/Serialization (3.2.1)
  - Socket.IO-Client-Swift (15.0.0):
    - Starscream (~> 3.1)
  - Starscream (3.1.1)

DEPENDENCIES:
  - AFNetworking/NSURLSession (= 3.2.1)
  - AFNetworking/Reachability (= 3.2.1)
  - AFNetworking/Security (= 3.2.1)
  - AFNetworking/Serialization (= 3.2.1)
  - Socket.IO-Client-Swift (~> 15.0.0)

SPEC REPOS:
  https://mirrors.tuna.tsinghua.edu.cn/git/CocoaPods/Specs.git:
    - AFNetworking
    - Socket.IO-Client-Swift
    - Starscream

SPEC CHECKSUMS:
  AFNetworking: b6f891fdfaed196b46c7a83cf209e09697b94057
  Socket.IO-Client-Swift: c039a808195d22a7192962841b8c035cb61ea49e
  Starscream: 4bb2f9942274833f7b4d296a55504dcfc7edb7b0

PODFILE CHECKSUM: 2104c5521e891ab3026e45ef36f2d365a948c0c1

COCOAPODS: 1.11.3
