PODS:
  - irtc-sdk-pod (4.4.1):
    - irtc-sdk-pod/IRTC (= 4.4.1)
  - irtc-sdk-pod/IRTC (4.4.1)

DEPENDENCIES:
  - "irtc-sdk-pod (from `git@bitbucket.org:zealcomm/irtc-sdk-pod.git`, tag `4.4.1`)"

EXTERNAL SOURCES:
  irtc-sdk-pod:
    :git: "git@bitbucket.org:zealcomm/irtc-sdk-pod.git"
    :tag: 4.4.1

CHECKOUT OPTIONS:
  irtc-sdk-pod:
    :git: "git@bitbucket.org:zealcomm/irtc-sdk-pod.git"
    :tag: 4.4.1

SPEC CHECKSUMS:
  irtc-sdk-pod: 0362062a05c3ecf228d497761fdd8bfdbbac3267

PODFILE CHECKSUM: 54782141a22a9f452042f174a9b1fa4622405040

COCOAPODS: 1.11.3
